
Microsoft Visual Studio Solution File, Format Version 12.00
# Visual Studio Version 17
VisualStudioVersion = 17.14.36717.8 d17.14
MinimumVisualStudioVersion = 10.0.40219.1
Project("{FAE04EC0-301F-11D3-BF4B-00C04F79EFBC}") = "game_test_mono", "game_test_mono\game_test_mono.csproj", "{A7DBF655-16B6-46BD-B5CB-BD6553B70332}"
EndProject
Global
	GlobalSection(SolutionConfigurationPlatforms) = preSolution
		Debug|Any CPU = Debug|Any CPU
		Release|Any CPU = Release|Any CPU
	EndGlobalSection
	GlobalSection(ProjectConfigurationPlatforms) = postSolution
		{A7DBF655-16B6-46BD-B5CB-BD6553B70332}.Debug|Any CPU.ActiveCfg = Debug|Any CPU
		{A7DBF655-16B6-46BD-B5CB-BD6553B70332}.Debug|Any CPU.Build.0 = Debug|Any CPU
		{A7DBF655-16B6-46BD-B5CB-BD6553B70332}.Release|Any CPU.ActiveCfg = Release|Any CPU
		{A7DBF655-16B6-46BD-B5CB-BD6553B70332}.Release|Any CPU.Build.0 = Release|Any CPU
	EndGlobalSection
	GlobalSection(SolutionProperties) = preSolution
		HideSolutionNode = FALSE
	EndGlobalSection
	GlobalSection(ExtensibilityGlobals) = postSolution
		SolutionGuid = {6DD2A8F8-8AB8-4F19-9CBD-85902C12C8C2}
	EndGlobalSection
EndGlobal
